// !$*UTF8*$!
{
	archiveVersion = 1;
	classes = {
	};
	objectVersion = 50;
	objects = {

/* Begin PBXBuildFile section */
		F6497FB424173EBD005A0F23 /* main.swift in Sources */ = {isa = PBXBuildFile; fileRef = F6497FB324173EBD005A0F23 /* main.swift */; };
		F6497FC12417417C005A0F23 /* LCA.swift in Sources */ = {isa = PBXBuildFile; fileRef = F6497FC02417417C005A0F23 /* LCA.swift */; };
		F6497FC324174183005A0F23 /* Set2.swift in Sources */ = {isa = PBXBuildFile; fileRef = F6497FC224174183005A0F23 /* Set2.swift */; };
		F6497FC52417418E005A0F23 /* UF.swift in Sources */ = {isa = PBXBuildFile; fileRef = F6497FC42417418E005A0F23 /* UF.swift */; };
		F6497FC7241744C1005A0F23 /* Set3.swift in Sources */ = {isa = PBXBuildFile; fileRef = F6497FC6241744C1005A0F23 /* Set3.swift */; };
		F6497FC924184906005A0F23 /* Set7.swift in Sources */ = {isa = PBXBuildFile; fileRef = F6497FC824184906005A0F23 /* Set7.swift */; };
		F6497FCB24188F70005A0F23 /* Set6.swift in Sources */ = {isa = PBXBuildFile; fileRef = F6497FCA24188F70005A0F23 /* Set6.swift */; };
		F6497FCD241AD699005A0F23 /* NonDecreasingDigits.swift in Sources */ = {isa = PBXBuildFile; fileRef = F6497FCC241AD699005A0F23 /* NonDecreasingDigits.swift */; };
		F6497FCF241B240E005A0F23 /* Set8.swift in Sources */ = {isa = PBXBuildFile; fileRef = F6497FCE241B240E005A0F23 /* Set8.swift */; };
		F6497FD6241C2D73005A0F23 /* ClimbingStairs.swift in Sources */ = {isa = PBXBuildFile; fileRef = F6497FD5241C2D73005A0F23 /* ClimbingStairs.swift */; };
		F6497FD8241C34D7005A0F23 /* MakeOne.swift in Sources */ = {isa = PBXBuildFile; fileRef = F6497FD7241C34D7005A0F23 /* MakeOne.swift */; };
		F6497FDA241C34F6005A0F23 /* 2xNtiles.swift in Sources */ = {isa = PBXBuildFile; fileRef = F6497FD9241C34F6005A0F23 /* 2xNtiles.swift */; };
		F6497FDC241C3C55005A0F23 /* 2xNtiles-2.swift in Sources */ = {isa = PBXBuildFile; fileRef = F6497FDB241C3C55005A0F23 /* 2xNtiles-2.swift */; };
		F6497FDE241C3C76005A0F23 /* 123.swift in Sources */ = {isa = PBXBuildFile; fileRef = F6497FDD241C3C76005A0F23 /* 123.swift */; };
		F6497FE0241C3C8D005A0F23 /* PrettyNumber.swift in Sources */ = {isa = PBXBuildFile; fileRef = F6497FDF241C3C8D005A0F23 /* PrettyNumber.swift */; };
		F6497FE2241C3CAE005A0F23 /*  LongestIncreasingSubsequence.swift in Sources */ = {isa = PBXBuildFile; fileRef = F6497FE1241C3CAE005A0F23 /*  LongestIncreasingSubsequence.swift */; };
/* End PBXBuildFile section */

/* Begin PBXCopyFilesBuildPhase section */
		F6497FAE24173EBD005A0F23 /* CopyFiles */ = {
			isa = PBXCopyFilesBuildPhase;
			buildActionMask = 2147483647;
			dstPath = /usr/share/man/man1/;
			dstSubfolderSpec = 0;
			files = (
			);
			runOnlyForDeploymentPostprocessing = 1;
		};
/* End PBXCopyFilesBuildPhase section */

/* Begin PBXFileReference section */
		F6497FB024173EBD005A0F23 /* SwiftAssignments */ = {isa = PBXFileReference; explicitFileType = "compiled.mach-o.executable"; includeInIndex = 0; path = SwiftAssignments; sourceTree = BUILT_PRODUCTS_DIR; };
		F6497FB324173EBD005A0F23 /* main.swift */ = {isa = PBXFileReference; lastKnownFileType = sourcecode.swift; path = main.swift; sourceTree = "<group>"; };
		F6497FC02417417C005A0F23 /* LCA.swift */ = {isa = PBXFileReference; fileEncoding = 4; lastKnownFileType = sourcecode.swift; path = LCA.swift; sourceTree = "<group>"; };
		F6497FC224174183005A0F23 /* Set2.swift */ = {isa = PBXFileReference; fileEncoding = 4; lastKnownFileType = sourcecode.swift; path = Set2.swift; sourceTree = "<group>"; };
		F6497FC42417418E005A0F23 /* UF.swift */ = {isa = PBXFileReference; fileEncoding = 4; lastKnownFileType = sourcecode.swift; path = UF.swift; sourceTree = "<group>"; };
		F6497FC6241744C1005A0F23 /* Set3.swift */ = {isa = PBXFileReference; lastKnownFileType = sourcecode.swift; path = Set3.swift; sourceTree = "<group>"; };
		F6497FC824184906005A0F23 /* Set7.swift */ = {isa = PBXFileReference; lastKnownFileType = sourcecode.swift; path = Set7.swift; sourceTree = "<group>"; };
		F6497FCA24188F70005A0F23 /* Set6.swift */ = {isa = PBXFileReference; lastKnownFileType = sourcecode.swift; path = Set6.swift; sourceTree = "<group>"; };
		F6497FCC241AD699005A0F23 /* NonDecreasingDigits.swift */ = {isa = PBXFileReference; lastKnownFileType = sourcecode.swift; path = NonDecreasingDigits.swift; sourceTree = "<group>"; };
		F6497FCE241B240E005A0F23 /* Set8.swift */ = {isa = PBXFileReference; lastKnownFileType = sourcecode.swift; path = Set8.swift; sourceTree = "<group>"; };
		F6497FD5241C2D73005A0F23 /* ClimbingStairs.swift */ = {isa = PBXFileReference; lastKnownFileType = sourcecode.swift; path = ClimbingStairs.swift; sourceTree = "<group>"; };
		F6497FD7241C34D7005A0F23 /* MakeOne.swift */ = {isa = PBXFileReference; lastKnownFileType = sourcecode.swift; path = MakeOne.swift; sourceTree = "<group>"; };
		F6497FD9241C34F6005A0F23 /* 2xNtiles.swift */ = {isa = PBXFileReference; lastKnownFileType = sourcecode.swift; path = 2xNtiles.swift; sourceTree = "<group>"; };
		F6497FDB241C3C55005A0F23 /* 2xNtiles-2.swift */ = {isa = PBXFileReference; lastKnownFileType = sourcecode.swift; path = "2xNtiles-2.swift"; sourceTree = "<group>"; };
		F6497FDD241C3C76005A0F23 /* 123.swift */ = {isa = PBXFileReference; lastKnownFileType = sourcecode.swift; path = 123.swift; sourceTree = "<group>"; };
		F6497FDF241C3C8D005A0F23 /* PrettyNumber.swift */ = {isa = PBXFileReference; lastKnownFileType = sourcecode.swift; path = PrettyNumber.swift; sourceTree = "<group>"; };
		F6497FE1241C3CAE005A0F23 /*  LongestIncreasingSubsequence.swift */ = {isa = PBXFileReference; lastKnownFileType = sourcecode.swift; path = " LongestIncreasingSubsequence.swift"; sourceTree = "<group>"; };
/* End PBXFileReference section */

/* Begin PBXFrameworksBuildPhase section */
		F6497FAD24173EBD005A0F23 /* Frameworks */ = {
			isa = PBXFrameworksBuildPhase;
			buildActionMask = 2147483647;
			files = (
			);
			runOnlyForDeploymentPostprocessing = 0;
		};
/* End PBXFrameworksBuildPhase section */

/* Begin PBXGroup section */
		F6497FA724173EBD005A0F23 = {
			isa = PBXGroup;
			children = (
				F6497FB224173EBD005A0F23 /* SwiftAssignments */,
				F6497FB124173EBD005A0F23 /* Products */,
			);
			sourceTree = "<group>";
		};
		F6497FB124173EBD005A0F23 /* Products */ = {
			isa = PBXGroup;
			children = (
				F6497FB024173EBD005A0F23 /* SwiftAssignments */,
			);
			name = Products;
			sourceTree = "<group>";
		};
		F6497FB224173EBD005A0F23 /* SwiftAssignments */ = {
			isa = PBXGroup;
			children = (
				F6497FD4241C2D3D005A0F23 /* ProblemSet */,
				F6497FC42417418E005A0F23 /* UF.swift */,
				F6497FC224174183005A0F23 /* Set2.swift */,
				F6497FC02417417C005A0F23 /* LCA.swift */,
				F6497FB324173EBD005A0F23 /* main.swift */,
				F6497FC6241744C1005A0F23 /* Set3.swift */,
				F6497FC824184906005A0F23 /* Set7.swift */,
				F6497FCA24188F70005A0F23 /* Set6.swift */,
				F6497FCE241B240E005A0F23 /* Set8.swift */,
			);
			path = SwiftAssignments;
			sourceTree = "<group>";
		};
		F6497FD4241C2D3D005A0F23 /* ProblemSet */ = {
			isa = PBXGroup;
			children = (
				F6497FCC241AD699005A0F23 /* NonDecreasingDigits.swift */,
				F6497FD5241C2D73005A0F23 /* ClimbingStairs.swift */,
				F6497FD7241C34D7005A0F23 /* MakeOne.swift */,
				F6497FD9241C34F6005A0F23 /* 2xNtiles.swift */,
				F6497FDB241C3C55005A0F23 /* 2xNtiles-2.swift */,
				F6497FDD241C3C76005A0F23 /* 123.swift */,
				F6497FDF241C3C8D005A0F23 /* PrettyNumber.swift */,
				F6497FE1241C3CAE005A0F23 /*  LongestIncreasingSubsequence.swift */,
			);
			path = ProblemSet;
			sourceTree = "<group>";
		};
/* End PBXGroup section */

/* Begin PBXNativeTarget section */
		F6497FAF24173EBD005A0F23 /* SwiftAssignments */ = {
			isa = PBXNativeTarget;
			buildConfigurationList = F6497FB724173EBD005A0F23 /* Build configuration list for PBXNativeTarget "SwiftAssignments" */;
			buildPhases = (
				F6497FAC24173EBD005A0F23 /* Sources */,
				F6497FAD24173EBD005A0F23 /* Frameworks */,
				F6497FAE24173EBD005A0F23 /* CopyFiles */,
			);
			buildRules = (
			);
			dependencies = (
			);
			name = SwiftAssignments;
			productName = SwiftAssignments;
			productReference = F6497FB024173EBD005A0F23 /* SwiftAssignments */;
			productType = "com.apple.product-type.tool";
		};
/* End PBXNativeTarget section */

/* Begin PBXProject section */
		F6497FA824173EBD005A0F23 /* Project object */ = {
			isa = PBXProject;
			attributes = {
				LastSwiftUpdateCheck = 1130;
				LastUpgradeCheck = 1130;
				ORGANIZATIONNAME = "Carlos andres Diaz bravo ";
				TargetAttributes = {
					F6497FAF24173EBD005A0F23 = {
						CreatedOnToolsVersion = 11.3.1;
					};
				};
			};
			buildConfigurationList = F6497FAB24173EBD005A0F23 /* Build configuration list for PBXProject "SwiftAssignments" */;
			compatibilityVersion = "Xcode 9.3";
			developmentRegion = en;
			hasScannedForEncodings = 0;
			knownRegions = (
				en,
				Base,
			);
			mainGroup = F6497FA724173EBD005A0F23;
			productRefGroup = F6497FB124173EBD005A0F23 /* Products */;
			projectDirPath = "";
			projectRoot = "";
			targets = (
				F6497FAF24173EBD005A0F23 /* SwiftAssignments */,
			);
		};
/* End PBXProject section */

/* Begin PBXSourcesBuildPhase section */
		F6497FAC24173EBD005A0F23 /* Sources */ = {
			isa = PBXSourcesBuildPhase;
			buildActionMask = 2147483647;
			files = (
				F6497FE2241C3CAE005A0F23 /*  LongestIncreasingSubsequence.swift in Sources */,
				F6497FE0241C3C8D005A0F23 /* PrettyNumber.swift in Sources */,
				F6497FDE241C3C76005A0F23 /* 123.swift in Sources */,
				F6497FCD241AD699005A0F23 /* NonDecreasingDigits.swift in Sources */,
				F6497FD8241C34D7005A0F23 /* MakeOne.swift in Sources */,
				F6497FC12417417C005A0F23 /* LCA.swift in Sources */,
				F6497FD6241C2D73005A0F23 /* ClimbingStairs.swift in Sources */,
				F6497FC324174183005A0F23 /* Set2.swift in Sources */,
				F6497FC7241744C1005A0F23 /* Set3.swift in Sources */,
				F6497FC52417418E005A0F23 /* UF.swift in Sources */,
				F6497FC924184906005A0F23 /* Set7.swift in Sources */,
				F6497FB424173EBD005A0F23 /* main.swift in Sources */,
				F6497FCF241B240E005A0F23 /* Set8.swift in Sources */,
				F6497FDC241C3C55005A0F23 /* 2xNtiles-2.swift in Sources */,
				F6497FDA241C34F6005A0F23 /* 2xNtiles.swift in Sources */,
				F6497FCB24188F70005A0F23 /* Set6.swift in Sources */,
			);
			runOnlyForDeploymentPostprocessing = 0;
		};
/* End PBXSourcesBuildPhase section */

/* Begin XCBuildConfiguration section */
		F6497FB524173EBD005A0F23 /* Debug */ = {
			isa = XCBuildConfiguration;
			buildSettings = {
				ALWAYS_SEARCH_USER_PATHS = NO;
				CLANG_ANALYZER_NONNULL = YES;
				CLANG_ANALYZER_NUMBER_OBJECT_CONVERSION = YES_AGGRESSIVE;
				CLANG_CXX_LANGUAGE_STANDARD = "gnu++14";
				CLANG_CXX_LIBRARY = "libc++";
				CLANG_ENABLE_MODULES = YES;
				CLANG_ENABLE_OBJC_ARC = YES;
				CLANG_ENABLE_OBJC_WEAK = YES;
				CLANG_WARN_BLOCK_CAPTURE_AUTORELEASING = YES;
				CLANG_WARN_BOOL_CONVERSION = YES;
				CLANG_WARN_COMMA = YES;
				CLANG_WARN_CONSTANT_CONVERSION = YES;
				CLANG_WARN_DEPRECATED_OBJC_IMPLEMENTATIONS = YES;
				CLANG_WARN_DIRECT_OBJC_ISA_USAGE = YES_ERROR;
				CLANG_WARN_DOCUMENTATION_COMMENTS = YES;
				CLANG_WARN_EMPTY_BODY = YES;
				CLANG_WARN_ENUM_CONVERSION = YES;
				CLANG_WARN_INFINITE_RECURSION = YES;
				CLANG_WARN_INT_CONVERSION = YES;
				CLANG_WARN_NON_LITERAL_NULL_CONVERSION = YES;
				CLANG_WARN_OBJC_IMPLICIT_RETAIN_SELF = YES;
				CLANG_WARN_OBJC_LITERAL_CONVERSION = YES;
				CLANG_WARN_OBJC_ROOT_CLASS = YES_ERROR;
				CLANG_WARN_RANGE_LOOP_ANALYSIS = YES;
				CLANG_WARN_STRICT_PROTOTYPES = YES;
				CLANG_WARN_SUSPICIOUS_MOVE = YES;
				CLANG_WARN_UNGUARDED_AVAILABILITY = YES_AGGRESSIVE;
				CLANG_WARN_UNREACHABLE_CODE = YES;
				CLANG_WARN__DUPLICATE_METHOD_MATCH = YES;
				COPY_PHASE_STRIP = NO;
				DEBUG_INFORMATION_FORMAT = dwarf;
				ENABLE_STRICT_OBJC_MSGSEND = YES;
				ENABLE_TESTABILITY = YES;
				GCC_C_LANGUAGE_STANDARD = gnu11;
				GCC_DYNAMIC_NO_PIC = NO;
				GCC_NO_COMMON_BLOCKS = YES;
				GCC_OPTIMIZATION_LEVEL = 0;
				GCC_PREPROCESSOR_DEFINITIONS = (
					"DEBUG=1",
					"$(inherited)",
				);
				GCC_WARN_64_TO_32_BIT_CONVERSION = YES;
				GCC_WARN_ABOUT_RETURN_TYPE = YES_ERROR;
				GCC_WARN_UNDECLARED_SELECTOR = YES;
				GCC_WARN_UNINITIALIZED_AUTOS = YES_AGGRESSIVE;
				GCC_WARN_UNUSED_FUNCTION = YES;
				GCC_WARN_UNUSED_VARIABLE = YES;
				MACOSX_DEPLOYMENT_TARGET = 10.15;
				MTL_ENABLE_DEBUG_INFO = INCLUDE_SOURCE;
				MTL_FAST_MATH = YES;
				ONLY_ACTIVE_ARCH = YES;
				SDKROOT = macosx;
				SWIFT_ACTIVE_COMPILATION_CONDITIONS = DEBUG;
				SWIFT_OPTIMIZATION_LEVEL = "-Onone";
			};
			name = Debug;
		};
		F6497FB624173EBD005A0F23 /* Release */ = {
			isa = XCBuildConfiguration;
			buildSettings = {
				ALWAYS_SEARCH_USER_PATHS = NO;
				CLANG_ANALYZER_NONNULL = YES;
				CLANG_ANALYZER_NUMBER_OBJECT_CONVERSION = YES_AGGRESSIVE;
				CLANG_CXX_LANGUAGE_STANDARD = "gnu++14";
				CLANG_CXX_LIBRARY = "libc++";
				CLANG_ENABLE_MODULES = YES;
				CLANG_ENABLE_OBJC_ARC = YES;
				CLANG_ENABLE_OBJC_WEAK = YES;
				CLANG_WARN_BLOCK_CAPTURE_AUTORELEASING = YES;
				CLANG_WARN_BOOL_CONVERSION = YES;
				CLANG_WARN_COMMA = YES;
				CLANG_WARN_CONSTANT_CONVERSION = YES;
				CLANG_WARN_DEPRECATED_OBJC_IMPLEMENTATIONS = YES;
				CLANG_WARN_DIRECT_OBJC_ISA_USAGE = YES_ERROR;
				CLANG_WARN_DOCUMENTATION_COMMENTS = YES;
				CLANG_WARN_EMPTY_BODY = YES;
				CLANG_WARN_ENUM_CONVERSION = YES;
				CLANG_WARN_INFINITE_RECURSION = YES;
				CLANG_WARN_INT_CONVERSION = YES;
				CLANG_WARN_NON_LITERAL_NULL_CONVERSION = YES;
				CLANG_WARN_OBJC_IMPLICIT_RETAIN_SELF = YES;
				CLANG_WARN_OBJC_LITERAL_CONVERSION = YES;
				CLANG_WARN_OBJC_ROOT_CLASS = YES_ERROR;
				CLANG_WARN_RANGE_LOOP_ANALYSIS = YES;
				CLANG_WARN_STRICT_PROTOTYPES = YES;
				CLANG_WARN_SUSPICIOUS_MOVE = YES;
				CLANG_WARN_UNGUARDED_AVAILABILITY = YES_AGGRESSIVE;
				CLANG_WARN_UNREACHABLE_CODE = YES;
				CLANG_WARN__DUPLICATE_METHOD_MATCH = YES;
				COPY_PHASE_STRIP = NO;
				DEBUG_INFORMATION_FORMAT = "dwarf-with-dsym";
				ENABLE_NS_ASSERTIONS = NO;
				ENABLE_STRICT_OBJC_MSGSEND = YES;
				GCC_C_LANGUAGE_STANDARD = gnu11;
				GCC_NO_COMMON_BLOCKS = YES;
				GCC_WARN_64_TO_32_BIT_CONVERSION = YES;
				GCC_WARN_ABOUT_RETURN_TYPE = YES_ERROR;
				GCC_WARN_UNDECLARED_SELECTOR = YES;
				GCC_WARN_UNINITIALIZED_AUTOS = YES_AGGRESSIVE;
				GCC_WARN_UNUSED_FUNCTION = YES;
				GCC_WARN_UNUSED_VARIABLE = YES;
				MACOSX_DEPLOYMENT_TARGET = 10.15;
				MTL_ENABLE_DEBUG_INFO = NO;
				MTL_FAST_MATH = YES;
				SDKROOT = macosx;
				SWIFT_COMPILATION_MODE = wholemodule;
				SWIFT_OPTIMIZATION_LEVEL = "-O";
			};
			name = Release;
		};
		F6497FB824173EBD005A0F23 /* Debug */ = {
			isa = XCBuildConfiguration;
			buildSettings = {
				CODE_SIGN_STYLE = Automatic;
				DEVELOPMENT_TEAM = DD3Q27V3P3;
				ENABLE_HARDENED_RUNTIME = YES;
				PRODUCT_NAME = "$(TARGET_NAME)";
				SWIFT_VERSION = 5.0;
			};
			name = Debug;
		};
		F6497FB924173EBD005A0F23 /* Release */ = {
			isa = XCBuildConfiguration;
			buildSettings = {
				CODE_SIGN_STYLE = Automatic;
				DEVELOPMENT_TEAM = DD3Q27V3P3;
				ENABLE_HARDENED_RUNTIME = YES;
				PRODUCT_NAME = "$(TARGET_NAME)";
				SWIFT_VERSION = 5.0;
			};
			name = Release;
		};
/* End XCBuildConfiguration section */

/* Begin XCConfigurationList section */
		F6497FAB24173EBD005A0F23 /* Build configuration list for PBXProject "SwiftAssignments" */ = {
			isa = XCConfigurationList;
			buildConfigurations = (
				F6497FB524173EBD005A0F23 /* Debug */,
				F6497FB624173EBD005A0F23 /* Release */,
			);
			defaultConfigurationIsVisible = 0;
			defaultConfigurationName = Release;
		};
		F6497FB724173EBD005A0F23 /* Build configuration list for PBXNativeTarget "SwiftAssignments" */ = {
			isa = XCConfigurationList;
			buildConfigurations = (
				F6497FB824173EBD005A0F23 /* Debug */,
				F6497FB924173EBD005A0F23 /* Release */,
			);
			defaultConfigurationIsVisible = 0;
			defaultConfigurationName = Release;
		};
/* End XCConfigurationList section */
	};
	rootObject = F6497FA824173EBD005A0F23 /* Project object */;
}
